
Microsoft Visual Studio Solution File, Format Version 12.00
# Visual Studio 15
VisualStudioVersion = 15.0.28307.902
MinimumVisualStudioVersion = 10.0.40219.1
Project("{FAE04EC0-301F-11D3-BF4B-00C04F79EFBC}") = "BookingAppointmentAPI", "BookingAppointmentAPI\BookingAppointmentAPI.csproj", "{370BD385-76A6-45B2-A460-AEF53133168D}"
EndProject
Global
	GlobalSection(SolutionConfigurationPlatforms) = preSolution
		Debug|Any CPU = Debug|Any CPU
		Release|Any CPU = Release|Any CPU
	EndGlobalSection
	GlobalSection(ProjectConfigurationPlatforms) = postSolution
		{370BD385-76A6-45B2-A460-AEF53133168D}.Debug|Any CPU.ActiveCfg = Debug|Any CPU
		{370BD385-76A6-45B2-A460-AEF53133168D}.Debug|Any CPU.Build.0 = Debug|Any CPU
		{370BD385-76A6-45B2-A460-AEF53133168D}.Release|Any CPU.ActiveCfg = Release|Any CPU
		{370BD385-76A6-45B2-A460-AEF53133168D}.Release|Any CPU.Build.0 = Release|Any CPU
	EndGlobalSection
	GlobalSection(SolutionProperties) = preSolution
		HideSolutionNode = FALSE
	EndGlobalSection
	GlobalSection(ExtensibilityGlobals) = postSolution
		SolutionGuid = {CE6D458C-3FC4-46ED-9831-E9F28279922A}
	EndGlobalSection
EndGlobal
